// !$*UTF8*$!
{
	archiveVersion = 1;
	classes = {
	};
	objectVersion = 46;
	objects = {

/* Begin PBXBuildFile section */
		832362DA1D3D253B00C9FACC /* AppDelegate.swift in Sources */ = {isa = PBXBuildFile; fileRef = 832362D91D3D253B00C9FACC /* AppDelegate.swift */; };
		832362DC1D3D253B00C9FACC /* ViewController.swift in Sources */ = {isa = PBXBuildFile; fileRef = 832362DB1D3D253B00C9FACC /* ViewController.swift */; };
		832362DF1D3D253B00C9FACC /* Main.storyboard in Resources */ = {isa = PBXBuildFile; fileRef = 832362DD1D3D253B00C9FACC /* Main.storyboard */; };
		832362E11D3D253B00C9FACC /* Assets.xcassets in Resources */ = {isa = PBXBuildFile; fileRef = 832362E01D3D253B00C9FACC /* Assets.xcassets */; };
		832362E41D3D253B00C9FACC /* LaunchScreen.storyboard in Resources */ = {isa = PBXBuildFile; fileRef = 832362E21D3D253B00C9FACC /* LaunchScreen.storyboard */; };
/* End PBXBuildFile section */

/* Begin PBXFileReference section */
		832362D61D3D253B00C9FACC /* DecimalInputTest.app */ = {isa = PBXFileReference; explicitFileType = wrapper.application; includeInIndex = 0; path = DecimalInputTest.app; sourceTree = BUILT_PRODUCTS_DIR; };
		832362D91D3D253B00C9FACC /* AppDelegate.swift */ = {isa = PBXFileReference; lastKnownFileType = sourcecode.swift; path = AppDelegate.swift; sourceTree = "<group>"; };
		832362DB1D3D253B00C9FACC /* ViewController.swift */ = {isa = PBXFileReference; lastKnownFileType = sourcecode.swift; path = ViewController.swift; sourceTree = "<group>"; };
		832362DE1D3D253B00C9FACC /* Base */ = {isa = PBXFileReference; lastKnownFileType = file.storyboard; name = Base; path = Base.lproj/Main.storyboard; sourceTree = "<group>"; };
		832362E01D3D253B00C9FACC /* Assets.xcassets */ = {isa = PBXFileReference; lastKnownFileType = folder.assetcatalog; path = Assets.xcassets; sourceTree = "<group>"; };
		832362E31D3D253B00C9FACC /* Base */ = {isa = PBXFileReference; lastKnownFileType = file.storyboard; name = Base; path = Base.lproj/LaunchScreen.storyboard; sourceTree = "<group>"; };
		832362E51D3D253B00C9FACC /* Info.plist */ = {isa = PBXFileReference; lastKnownFileType = text.plist.xml; path = Info.plist; sourceTree = "<group>"; };
/* End PBXFileReference section */

/* Begin PBXFrameworksBuildPhase section */
		832362D31D3D253B00C9FACC /* Frameworks */ = {
			isa = PBXFrameworksBuildPhase;
			buildActionMask = 2147483647;
			files = (
			);
			runOnlyForDeploymentPostprocessing = 0;
		};
/* End PBXFrameworksBuildPhase section */

/* Begin PBXGroup section */
		832362CD1D3D253B00C9FACC = {
			isa = PBXGroup;
			children = (
				832362D81D3D253B00C9FACC /* DecimalInputTest */,
				832362D71D3D253B00C9FACC /* Products */,
			);
			sourceTree = "<group>";
		};
		832362D71D3D253B00C9FACC /* Products */ = {
			isa = PBXGroup;
			children = (
				832362D61D3D253B00C9FACC /* DecimalInputTest.app */,
			);
			name = Products;
			sourceTree = "<group>";
		};
		832362D81D3D253B00C9FACC /* DecimalInputTest */ = {
			isa = PBXGroup;
			children = (
				832362D91D3D253B00C9FACC /* AppDelegate.swift */,
				832362DB1D3D253B00C9FACC /* ViewController.swift */,
				832362DD1D3D253B00C9FACC /* Main.storyboard */,
				832362E01D3D253B00C9FACC /* Assets.xcassets */,
				832362E21D3D253B00C9FACC /* LaunchScreen.storyboard */,
				832362E51D3D253B00C9FACC /* Info.plist */,
			);
			path = DecimalInputTest;
			sourceTree = "<group>";
		};
/* End PBXGroup section */

/* Begin PBXNativeTarget section */
		832362D51D3D253B00C9FACC /* DecimalInputTest */ = {
			isa = PBXNativeTarget;
			buildConfigurationList = 832362FE1D3D253B00C9FACC /* Build configuration list for PBXNativeTarget "DecimalInputTest" */;
			buildPhases = (
				832362D21D3D253B00C9FACC /* Sources */,
				832362D31D3D253B00C9FACC /* Frameworks */,
				832362D41D3D253B00C9FACC /* Resources */,
			);
			buildRules = (
			);
			dependencies = (
			);
			name = DecimalInputTest;
			productName = DecimalInputTest;
			productReference = 832362D61D3D253B00C9FACC /* DecimalInputTest.app */;
			productType = "com.apple.product-type.application";
		};
/* End PBXNativeTarget section */

/* Begin PBXProject section */
		832362CE1D3D253B00C9FACC /* Project object */ = {
			isa = PBXProject;
			attributes = {
				LastSwiftUpdateCheck = 0730;
				LastUpgradeCheck = 0730;
				ORGANIZATIONNAME = "Brett Ohland";
				TargetAttributes = {
					832362D51D3D253B00C9FACC = {
						CreatedOnToolsVersion = 7.3.1;
					};
				};
			};
			buildConfigurationList = 832362D11D3D253B00C9FACC /* Build configuration list for PBXProject "DecimalInputTest" */;
			compatibilityVersion = "Xcode 3.2";
			developmentRegion = English;
			hasScannedForEncodings = 0;
			knownRegions = (
				en,
				Base,
			);
			mainGroup = 832362CD1D3D253B00C9FACC;
			productRefGroup = 832362D71D3D253B00C9FACC /* Products */;
			projectDirPath = "";
			projectRoot = "";
			targets = (
				832362D51D3D253B00C9FACC /* DecimalInputTest */,
			);
		};
/* End PBXProject section */

/* Begin PBXResourcesBuildPhase section */
		832362D41D3D253B00C9FACC /* Resources */ = {
			isa = PBXResourcesBuildPhase;
			buildActionMask = 2147483647;
			files = (
				832362E41D3D253B00C9FACC /* LaunchScreen.storyboard in Resources */,
				832362E11D3D253B00C9FACC /* Assets.xcassets in Resources */,
				832362DF1D3D253B00C9FACC /* Main.storyboard in Resources */,
			);
			runOnlyForDeploymentPostprocessing = 0;
		};
/* End PBXResourcesBuildPhase section */

/* Begin PBXSourcesBuildPhase section */
		832362D21D3D253B00C9FACC /* Sources */ = {
			isa = PBXSourcesBuildPhase;
			buildActionMask = 2147483647;
			files = (
				832362DC1D3D253B00C9FACC /* ViewController.swift in Sources */,
				832362DA1D3D253B00C9FACC /* AppDelegate.swift in Sources */,
			);
			runOnlyForDeploymentPostprocessing = 0;
		};
/* End PBXSourcesBuildPhase section */

/* Begin PBXVariantGroup section */
		832362DD1D3D253B00C9FACC /* Main.storyboard */ = {
			isa = PBXVariantGroup;
			children = (
				832362DE1D3D253B00C9FACC /* Base */,
			);
			name = Main.storyboard;
			sourceTree = "<group>";
		};
		832362E21D3D253B00C9FACC /* LaunchScreen.storyboard */ = {
			isa = PBXVariantGroup;
			children = (
				832362E31D3D253B00C9FACC /* Base */,
			);
			name = LaunchScreen.storyboard;
			sourceTree = "<group>";
		};
/* End PBXVariantGroup section */

/* Begin XCBuildConfiguration section */
		832362FC1D3D253B00C9FACC /* Debug */ = {
			isa = XCBuildConfiguration;
			buildSettings = {
				ALWAYS_SEARCH_USER_PATHS = NO;
				CLANG_ANALYZER_NONNULL = YES;
				CLANG_CXX_LANGUAGE_STANDARD = "gnu++0x";
				CLANG_CXX_LIBRARY = "libc++";
				CLANG_ENABLE_MODULES = YES;
				CLANG_ENABLE_OBJC_ARC = YES;
				CLANG_WARN_BOOL_CONVERSION = YES;
				CLANG_WARN_CONSTANT_CONVERSION = YES;
				CLANG_WARN_DIRECT_OBJC_ISA_USAGE = YES_ERROR;
				CLANG_WARN_EMPTY_BODY = YES;
				CLANG_WARN_ENUM_CONVERSION = YES;
				CLANG_WARN_INT_CONVERSION = YES;
				CLANG_WARN_OBJC_ROOT_CLASS = YES_ERROR;
				CLANG_WARN_UNREACHABLE_CODE = YES;
				CLANG_WARN__DUPLICATE_METHOD_MATCH = YES;
				"CODE_SIGN_IDENTITY[sdk=iphoneos*]" = "iPhone Developer";
				COPY_PHASE_STRIP = NO;
				DEBUG_INFORMATION_FORMAT = dwarf;
				ENABLE_STRICT_OBJC_MSGSEND = YES;
				ENABLE_TESTABILITY = YES;
				GCC_C_LANGUAGE_STANDARD = gnu99;
				GCC_DYNAMIC_NO_PIC = NO;
				GCC_NO_COMMON_BLOCKS = YES;
				GCC_OPTIMIZATION_LEVEL = 0;
				GCC_PREPROCESSOR_DEFINITIONS = (
					"DEBUG=1",
					"$(inherited)",
				);
				GCC_WARN_64_TO_32_BIT_CONVERSION = YES;
				GCC_WARN_ABOUT_RETURN_TYPE = YES_ERROR;
				GCC_WARN_UNDECLARED_SELECTOR = YES;
				GCC_WARN_UNINITIALIZED_AUTOS = YES_AGGRESSIVE;
				GCC_WARN_UNUSED_FUNCTION = YES;
				GCC_WARN_UNUSED_VARIABLE = YES;
				IPHONEOS_DEPLOYMENT_TARGET = 9.3;
				MTL_ENABLE_DEBUG_INFO = YES;
				ONLY_ACTIVE_ARCH = YES;
				SDKROOT = iphoneos;
				SWIFT_OPTIMIZATION_LEVEL = "-Onone";
				TARGETED_DEVICE_FAMILY = "1,2";
			};
			name = Debug;
		};
		832362FD1D3D253B00C9FACC /* Release */ = {
			isa = XCBuildConfiguration;
			buildSettings = {
				ALWAYS_SEARCH_USER_PATHS = NO;
				CLANG_ANALYZER_NONNULL = YES;
				CLANG_CXX_LANGUAGE_STANDARD = "gnu++0x";
				CLANG_CXX_LIBRARY = "libc++";
				CLANG_ENABLE_MODULES = YES;
				CLANG_ENABLE_OBJC_ARC = YES;
				CLANG_WARN_BOOL_CONVERSION = YES;
				CLANG_WARN_CONSTANT_CONVERSION = YES;
				CLANG_WARN_DIRECT_OBJC_ISA_USAGE = YES_ERROR;
				CLANG_WARN_EMPTY_BODY = YES;
				CLANG_WARN_ENUM_CONVERSION = YES;
				CLANG_WARN_INT_CONVERSION = YES;
				CLANG_WARN_OBJC_ROOT_CLASS = YES_ERROR;
				CLANG_WARN_UNREACHABLE_CODE = YES;
				CLANG_WARN__DUPLICATE_METHOD_MATCH = YES;
				"CODE_SIGN_IDENTITY[sdk=iphoneos*]" = "iPhone Developer";
				COPY_PHASE_STRIP = NO;
				DEBUG_INFORMATION_FORMAT = "dwarf-with-dsym";
				ENABLE_NS_ASSERTIONS = NO;
				ENABLE_STRICT_OBJC_MSGSEND = YES;
				GCC_C_LANGUAGE_STANDARD = gnu99;
				GCC_NO_COMMON_BLOCKS = YES;
				GCC_WARN_64_TO_32_BIT_CONVERSION = YES;
				GCC_WARN_ABOUT_RETURN_TYPE = YES_ERROR;
				GCC_WARN_UNDECLARED_SELECTOR = YES;
				GCC_WARN_UNINITIALIZED_AUTOS = YES_AGGRESSIVE;
				GCC_WARN_UNUSED_FUNCTION = YES;
				GCC_WARN_UNUSED_VARIABLE = YES;
				IPHONEOS_DEPLOYMENT_TARGET = 9.3;
				MTL_ENABLE_DEBUG_INFO = NO;
				SDKROOT = iphoneos;
				TARGETED_DEVICE_FAMILY = "1,2";
				VALIDATE_PRODUCT = YES;
			};
			name = Release;
		};
		832362FF1D3D253B00C9FACC /* Debug */ = {
			isa = XCBuildConfiguration;
			buildSettings = {
				ASSETCATALOG_COMPILER_APPICON_NAME = AppIcon;
				INFOPLIST_FILE = DecimalInputTest/Info.plist;
				LD_RUNPATH_SEARCH_PATHS = "$(inherited) @executable_path/Frameworks";
				PRODUCT_BUNDLE_IDENTIFIER = com.ampersandsoftworks.DecimalInputTest;
				PRODUCT_NAME = "$(TARGET_NAME)";
			};
			name = Debug;
		};
		832363001D3D253B00C9FACC /* Release */ = {
			isa = XCBuildConfiguration;
			buildSettings = {
				ASSETCATALOG_COMPILER_APPICON_NAME = AppIcon;
				INFOPLIST_FILE = DecimalInputTest/Info.plist;
				LD_RUNPATH_SEARCH_PATHS = "$(inherited) @executable_path/Frameworks";
				PRODUCT_BUNDLE_IDENTIFIER = com.ampersandsoftworks.DecimalInputTest;
				PRODUCT_NAME = "$(TARGET_NAME)";
			};
			name = Release;
		};
/* End XCBuildConfiguration section */

/* Begin XCConfigurationList section */
		832362D11D3D253B00C9FACC /* Build configuration list for PBXProject "DecimalInputTest" */ = {
			isa = XCConfigurationList;
			buildConfigurations = (
				832362FC1D3D253B00C9FACC /* Debug */,
				832362FD1D3D253B00C9FACC /* Release */,
			);
			defaultConfigurationIsVisible = 0;
			defaultConfigurationName = Release;
		};
		832362FE1D3D253B00C9FACC /* Build configuration list for PBXNativeTarget "DecimalInputTest" */ = {
			isa = XCConfigurationList;
			buildConfigurations = (
				832362FF1D3D253B00C9FACC /* Debug */,
				832363001D3D253B00C9FACC /* Release */,
			);
			defaultConfigurationIsVisible = 0;
		};
/* End XCConfigurationList section */
	};
	rootObject = 832362CE1D3D253B00C9FACC /* Project object */;
}
